
Microsoft Visual Studio Solution File, Format Version 12.00
# Visual Studio Version 16
VisualStudioVersion = 16.0.30406.217
MinimumVisualStudioVersion = 10.0.40219.1
Project("{FAE04EC0-301F-11D3-BF4B-00C04F79EFBC}") = "DaveDotCom", "DaveDotCom.csproj", "{A2C69059-170D-4538-8645-EC9F8D3760D7}"
EndProject
Global
	GlobalSection(SolutionConfigurationPlatforms) = preSolution
		Debug|Any CPU = Debug|Any CPU
		Release|Any CPU = Release|Any CPU
	EndGlobalSection
	GlobalSection(ProjectConfigurationPlatforms) = postSolution
		{A2C69059-170D-4538-8645-EC9F8D3760D7}.Debug|Any CPU.ActiveCfg = Debug|Any CPU
		{A2C69059-170D-4538-8645-EC9F8D3760D7}.Debug|Any CPU.Build.0 = Debug|Any CPU
		{A2C69059-170D-4538-8645-EC9F8D3760D7}.Release|Any CPU.ActiveCfg = Release|Any CPU
		{A2C69059-170D-4538-8645-EC9F8D3760D7}.Release|Any CPU.Build.0 = Release|Any CPU
	EndGlobalSection
	GlobalSection(SolutionProperties) = preSolution
		HideSolutionNode = FALSE
	EndGlobalSection
	GlobalSection(ExtensibilityGlobals) = postSolution
		SolutionGuid = {F17BCC88-6028-4539-ACA4-2FFC54D8786A}
	EndGlobalSection
EndGlobal
